
Microsoft Visual Studio Solution File, Format Version 12.00
# Visual Studio Express 2013 for Windows Desktop
VisualStudioVersion = 12.0.30723.0
MinimumVisualStudioVersion = 10.0.40219.1
Project("{FAE04EC0-301F-11D3-BF4B-00C04F79EFBC}") = "ClassLibrary1", "ClassLibrary1\ClassLibrary1.csproj", "{660D5497-DEB4-4451-A8A0-70E4E2944569}"
EndProject
Project("{FAE04EC0-301F-11D3-BF4B-00C04F79EFBC}") = "ClassLibrary1.Test", "ClassLibrary1.Test\ClassLibrary1.Test.csproj", "{D46DEA10-8731-4866-BAE0-09C9F8BCECA7}"
EndProject
Project("{2150E333-8FDC-42A3-9474-1A3956D46DE8}") = ".nuget", ".nuget", "{B419C7F0-3E25-42F5-B541-63BB66BF1407}"
	ProjectSection(SolutionItems) = preProject
		.nuget\packages.config = .nuget\packages.config
	EndProjectSection
EndProject
Global
	GlobalSection(SolutionConfigurationPlatforms) = preSolution
		Debug|Any CPU = Debug|Any CPU
		Release|Any CPU = Release|Any CPU
	EndGlobalSection
	GlobalSection(ProjectConfigurationPlatforms) = postSolution
		{660D5497-DEB4-4451-A8A0-70E4E2944569}.Debug|Any CPU.ActiveCfg = Debug|Any CPU
		{660D5497-DEB4-4451-A8A0-70E4E2944569}.Debug|Any CPU.Build.0 = Debug|Any CPU
		{660D5497-DEB4-4451-A8A0-70E4E2944569}.Release|Any CPU.ActiveCfg = Release|Any CPU
		{660D5497-DEB4-4451-A8A0-70E4E2944569}.Release|Any CPU.Build.0 = Release|Any CPU
		{D46DEA10-8731-4866-BAE0-09C9F8BCECA7}.Debug|Any CPU.ActiveCfg = Debug|Any CPU
		{D46DEA10-8731-4866-BAE0-09C9F8BCECA7}.Debug|Any CPU.Build.0 = Debug|Any CPU
		{D46DEA10-8731-4866-BAE0-09C9F8BCECA7}.Release|Any CPU.ActiveCfg = Release|Any CPU
		{D46DEA10-8731-4866-BAE0-09C9F8BCECA7}.Release|Any CPU.Build.0 = Release|Any CPU
	EndGlobalSection
	GlobalSection(SolutionProperties) = preSolution
		HideSolutionNode = FALSE
	EndGlobalSection
EndGlobal
